PODS:
  - AFNetworking (3.2.0):
    - AFNetworking/NSURLSession (= 3.2.0)
    - AFNetworking/Reachability (= 3.2.0)
    - AFNetworking/Security (= 3.2.0)
    - AFNetworking/Serialization (= 3.2.0)
    - AFNetworking/UIKit (= 3.2.0)
  - AFNetworking/NSURLSession (3.2.0):
    - AFNetworking/Reachability
    - AFNetworking/Security
    - AFNetworking/Serialization
  - AFNetworking/Reachability (3.2.0)
  - AFNetworking/Security (3.2.0)
  - AFNetworking/Serialization (3.2.0)
  - AFNetworking/UIKit (3.2.0):
    - AFNetworking/NSURLSession
  - BaiduMapKit (3.4.4)
  - DACircularProgress (2.3.1)
  - FLEX (2.4.0)
  - FMDB (2.7.2):
    - FMDB/standard (= 2.7.2)
  - FMDB/standard (2.7.2)
  - Masonry (1.1.0)
  - MBProgressHUD (0.9.2)
  - MJRefresh (3.1.15.3)
  - MQTTClient (0.13.0):
    - MQTTClient/Core (= 0.13.0)
  - MQTTClient/Core (0.13.0):
    - MQTTClient/Manager
    - MQTTClient/Min
  - MQTTClient/Manager (0.13.0):
    - MQTTClient/Min
  - MQTTClient/Min (0.13.0)
  - MWPhotoBrowser (2.1.2):
    - DACircularProgress (~> 2.3)
    - MBProgressHUD (~> 0.9)
    - "SDWebImage (!= 3.7.2, ~> 3.7)"
  - RESideMenu (4.0.7)
  - SDWebImage (3.8.2):
    - SDWebImage/Core (= 3.8.2)
  - SDWebImage/Core (3.8.2)
  - WechatOpenSDK (1.8.2)
  - YYKit (1.0.9):
    - YYKit/no-arc (= 1.0.9)
  - YYKit/no-arc (1.0.9)

DEPENDENCIES:
  - AFNetworking
  - BaiduMapKit
  - FLEX (~> 2.0)
  - FMDB
  - Masonry
  - MBProgressHUD
  - MJRefresh
  - MQTTClient
  - MWPhotoBrowser
  - RESideMenu
  - SDWebImage
  - WechatOpenSDK
  - YYKit

SPEC REPOS:
  https://github.com/CocoaPods/Specs.git:
    - AFNetworking
    - BaiduMapKit
    - DACircularProgress
    - FLEX
    - FMDB
    - Masonry
    - MBProgressHUD
    - MJRefresh
    - MQTTClient
    - MWPhotoBrowser
    - RESideMenu
    - SDWebImage
    - WechatOpenSDK
    - YYKit

SPEC CHECKSUMS:
  AFNetworking: 8ac6017b94ea105479f7776e5288e48ae9c59bb4
  BaiduMapKit: 4ac88f5a363500760392825b69709f4a0125f81e
  DACircularProgress: 4dd437c0fc3da5161cb289e07ac449493d41db71
  FLEX: bd1a39e55b56bb413b6f1b34b3c10a0dc44ef079
  FMDB: 6198a90e7b6900cfc046e6bc0ef6ebb7be9236aa
  Masonry: 678fab65091a9290e40e2832a55e7ab731aad201
  MBProgressHUD: 1569cf7ace17a8bac47aabfbb8580a49690386d1
  MJRefresh: b48380ae2b927b46c4ef000de9adb8dc748e1df7
  MQTTClient: aced164e080fb139daa98fc745d01da279e55945
  MWPhotoBrowser: 5836d7aa041dc05a13de380c246826578adc5ea5
  RESideMenu: f24c508404b49c667344c54aba7e590883533958
  SDWebImage: 098e97e6176540799c27e804c96653ee0833d13c
  WechatOpenSDK: 676feec516a11173eafd1fe64b10d27babf28701
  YYKit: 7cda43304a8dc3696c449041e2cb3107b4e236e7

PODFILE CHECKSUM: 882b419dc8a604bdacc18fedf358613fc0f32dbd

COCOAPODS: 1.5.0
