// !$*UTF8*$!
{
	archiveVersion = 1;
	classes = {
	};
	objectVersion = 46;
	objects = {

/* Begin PBXBuildFile section */
		840EE8191C11E51400DFE53E /* FLOFontTableViewController.m in Sources */ = {isa = PBXBuildFile; fileRef = 840EE8181C11E51400DFE53E /* FLOFontTableViewController.m */; };
		841FD21D1C1E9E40003D4F81 /* FLODataBaseEngin.m in Sources */ = {isa = PBXBuildFile; fileRef = 841FD21C1C1E9E40003D4F81 /* FLODataBaseEngin.m */; };
		841FD2211C1EA2DC003D4F81 /* FLOBookMarkModel.m in Sources */ = {isa = PBXBuildFile; fileRef = 841FD2201C1EA2DC003D4F81 /* FLOBookMarkModel.m */; };
		84291A0E1C05867A0015F5F1 /* main.m in Sources */ = {isa = PBXBuildFile; fileRef = 84291A0D1C05867A0015F5F1 /* main.m */; };
		84291A111C05867A0015F5F1 /* AppDelegate.m in Sources */ = {isa = PBXBuildFile; fileRef = 84291A101C05867A0015F5F1 /* AppDelegate.m */; };
		84291A171C05867A0015F5F1 /* Main.storyboard in Resources */ = {isa = PBXBuildFile; fileRef = 84291A151C05867A0015F5F1 /* Main.storyboard */; };
		84291A191C05867A0015F5F1 /* Assets.xcassets in Resources */ = {isa = PBXBuildFile; fileRef = 84291A181C05867A0015F5F1 /* Assets.xcassets */; };
		84291A1C1C05867A0015F5F1 /* LaunchScreen.storyboard in Resources */ = {isa = PBXBuildFile; fileRef = 84291A1A1C05867A0015F5F1 /* LaunchScreen.storyboard */; };
		842FE8BF1C06E247005B27D5 /* FLOAccountManager.m in Sources */ = {isa = PBXBuildFile; fileRef = 842FE8BE1C06E247005B27D5 /* FLOAccountManager.m */; };
		8457DE5B1C27FFB900002533 /* FLOChatRecordModel.m in Sources */ = {isa = PBXBuildFile; fileRef = 8457DE5A1C27FFB900002533 /* FLOChatRecordModel.m */; };
		8457DE5E1C2800E800002533 /* FLOChatMessageModel.m in Sources */ = {isa = PBXBuildFile; fileRef = 8457DE5D1C2800E800002533 /* FLOChatMessageModel.m */; };
		845D32BD1C1EC03800831C70 /* FLOBookMarkTableViewController.m in Sources */ = {isa = PBXBuildFile; fileRef = 845D32BC1C1EC03800831C70 /* FLOBookMarkTableViewController.m */; };
		845D32BF1C1EC45400831C70 /* floapp.db in Resources */ = {isa = PBXBuildFile; fileRef = 845D32BE1C1EC45400831C70 /* floapp.db */; };
		845D32C21C1ED14B00831C70 /* FLOAddBookMarkMaskView.xib in Resources */ = {isa = PBXBuildFile; fileRef = 845D32C11C1ED14B00831C70 /* FLOAddBookMarkMaskView.xib */; };
		845D32C51C1ED16F00831C70 /* FLOAddBookMarkMaskView.m in Sources */ = {isa = PBXBuildFile; fileRef = 845D32C41C1ED16F00831C70 /* FLOAddBookMarkMaskView.m */; };
		845D32C91C1F0BF200831C70 /* FLOSettingTableViewController.m in Sources */ = {isa = PBXBuildFile; fileRef = 845D32C81C1F0BF200831C70 /* FLOSettingTableViewController.m */; };
		846D83661C21B9A6007CA12B /* FLOWeiboAuthorization.m in Sources */ = {isa = PBXBuildFile; fileRef = 846D83651C21B9A6007CA12B /* FLOWeiboAuthorization.m */; };
		846D83691C21C1B1007CA12B /* FLOWeiboTableViewController.m in Sources */ = {isa = PBXBuildFile; fileRef = 846D83681C21C1B1007CA12B /* FLOWeiboTableViewController.m */; };
		846E9C481C298BDB00843A24 /* FLOBDMapViewController.m in Sources */ = {isa = PBXBuildFile; fileRef = 846E9C471C298BDB00843A24 /* FLOBDMapViewController.m */; };
		84812DC71C116061003928E6 /* FloCollectionViewController.m in Sources */ = {isa = PBXBuildFile; fileRef = 84812DC61C116061003928E6 /* FloCollectionViewController.m */; };
		84812DCA1C1165EE003928E6 /* FLOCollectionItem.m in Sources */ = {isa = PBXBuildFile; fileRef = 84812DC91C1165EE003928E6 /* FLOCollectionItem.m */; };
		84812DCF1C11727A003928E6 /* FLOWebViewController.m in Sources */ = {isa = PBXBuildFile; fileRef = 84812DCE1C11727A003928E6 /* FLOWebViewController.m */; };
		84812DDB1C117A63003928E6 /* FLOCollectionViewCell.m in Sources */ = {isa = PBXBuildFile; fileRef = 84812DDA1C117A63003928E6 /* FLOCollectionViewCell.m */; };
		849265F61C27A95F00261F36 /* FLOTouchIDViewController.m in Sources */ = {isa = PBXBuildFile; fileRef = 849265F51C27A95F00261F36 /* FLOTouchIDViewController.m */; };
		849EEDC31C26AD1D00CD9A7C /* FLOWeiboCommentTableViewCell.m in Sources */ = {isa = PBXBuildFile; fileRef = 849EEDC21C26AD1D00CD9A7C /* FLOWeiboCommentTableViewCell.m */; };
		849EEDC71C26AD8D00CD9A7C /* FLOWeiboCommentModel.m in Sources */ = {isa = PBXBuildFile; fileRef = 849EEDC61C26AD8D00CD9A7C /* FLOWeiboCommentModel.m */; };
		849EEDCA1C26B6C900CD9A7C /* FLOWeiboDetailViewController.m in Sources */ = {isa = PBXBuildFile; fileRef = 849EEDC91C26B6C900CD9A7C /* FLOWeiboDetailViewController.m */; };
		849EEDCD1C26C38700CD9A7C /* FLOWeiboReportComViewController.m in Sources */ = {isa = PBXBuildFile; fileRef = 849EEDCC1C26C38700CD9A7C /* FLOWeiboReportComViewController.m */; };
		84DA68B71C226459001B9E79 /* FLOWeiboStatusModel.m in Sources */ = {isa = PBXBuildFile; fileRef = 84DA68B61C226459001B9E79 /* FLOWeiboStatusModel.m */; };
		84DA68BA1C2264DF001B9E79 /* FLOWeiboUserModel.m in Sources */ = {isa = PBXBuildFile; fileRef = 84DA68B91C2264DF001B9E79 /* FLOWeiboUserModel.m */; };
		84DA68BD1C227F6E001B9E79 /* FLOWeiboStatusTableViewCell.m in Sources */ = {isa = PBXBuildFile; fileRef = 84DA68BC1C227F6E001B9E79 /* FLOWeiboStatusTableViewCell.m */; };
		84DA68C01C227F93001B9E79 /* FLOWeiboStatusFoolerTableViewCell.m in Sources */ = {isa = PBXBuildFile; fileRef = 84DA68BF1C227F93001B9E79 /* FLOWeiboStatusFoolerTableViewCell.m */; };
		84DD6E6F1C05A009005C1AE2 /* FLOTabBarController.m in Sources */ = {isa = PBXBuildFile; fileRef = 84DD6E6E1C05A009005C1AE2 /* FLOTabBarController.m */; };
		84DD6E771C05A106005C1AE2 /* FLOLoginViewController.m in Sources */ = {isa = PBXBuildFile; fileRef = 84DD6E761C05A106005C1AE2 /* FLOLoginViewController.m */; };
		84DD6E7A1C05A16A005C1AE2 /* FLOMessageTableViewController.m in Sources */ = {isa = PBXBuildFile; fileRef = 84DD6E791C05A16A005C1AE2 /* FLOMessageTableViewController.m */; };
		84DD6E7D1C05A18F005C1AE2 /* FLOFriendsTableViewController.m in Sources */ = {isa = PBXBuildFile; fileRef = 84DD6E7C1C05A18F005C1AE2 /* FLOFriendsTableViewController.m */; };
		84DD6E801C05A83B005C1AE2 /* FLOSideMenu.m in Sources */ = {isa = PBXBuildFile; fileRef = 84DD6E7F1C05A83B005C1AE2 /* FLOSideMenu.m */; };
		84DD6E841C05AB06005C1AE2 /* FLOLeftMenuVC.m in Sources */ = {isa = PBXBuildFile; fileRef = 84DD6E831C05AB06005C1AE2 /* FLOLeftMenuVC.m */; };
		84DD6E871C05BC6C005C1AE2 /* FLONavigationController.m in Sources */ = {isa = PBXBuildFile; fileRef = 84DD6E861C05BC6C005C1AE2 /* FLONavigationController.m */; };
		84EEC5531C2396690089454E /* FLOCodeViewController.m in Sources */ = {isa = PBXBuildFile; fileRef = 84EEC5521C2396690089454E /* FLOCodeViewController.m */; };
		84EEC5561C2396A30089454E /* FLOCodeResultViewController.m in Sources */ = {isa = PBXBuildFile; fileRef = 84EEC5551C2396A30089454E /* FLOCodeResultViewController.m */; };
		84F2A6A01C07F6080084156F /* FLOMessageTableViewCell.m in Sources */ = {isa = PBXBuildFile; fileRef = 84F2A69F1C07F6080084156F /* FLOMessageTableViewCell.m */; };
		84F2A6A91C0803030084156F /* FLOUserModel.m in Sources */ = {isa = PBXBuildFile; fileRef = 84F2A6A81C0803030084156F /* FLOUserModel.m */; };
		BFCBFE742134AD90D5FC3750 /* libPods-XMPPChat.a in Frameworks */ = {isa = PBXBuildFile; fileRef = 327E2092BD8C89D3189F9A3A /* libPods-XMPPChat.a */; };
/* End PBXBuildFile section */

/* Begin PBXFileReference section */
		327E2092BD8C89D3189F9A3A /* libPods-XMPPChat.a */ = {isa = PBXFileReference; explicitFileType = archive.ar; includeInIndex = 0; path = "libPods-XMPPChat.a"; sourceTree = BUILT_PRODUCTS_DIR; };
		6EAB8E06A782426E86BFF338 /* Pods-XMPPChat.release.xcconfig */ = {isa = PBXFileReference; includeInIndex = 1; lastKnownFileType = text.xcconfig; name = "Pods-XMPPChat.release.xcconfig"; path = "Pods/Target Support Files/Pods-XMPPChat/Pods-XMPPChat.release.xcconfig"; sourceTree = "<group>"; };
		840EE8171C11E51400DFE53E /* FLOFontTableViewController.h */ = {isa = PBXFileReference; fileEncoding = 4; lastKnownFileType = sourcecode.c.h; name = FLOFontTableViewController.h; path = "模块/UIFont/FLOFontTableViewController.h"; sourceTree = "<group>"; };
		840EE8181C11E51400DFE53E /* FLOFontTableViewController.m */ = {isa = PBXFileReference; fileEncoding = 4; lastKnownFileType = sourcecode.c.objc; name = FLOFontTableViewController.m; path = "模块/UIFont/FLOFontTableViewController.m"; sourceTree = "<group>"; };
		841FD21B1C1E9E40003D4F81 /* FLODataBaseEngin.h */ = {isa = PBXFileReference; fileEncoding = 4; lastKnownFileType = sourcecode.c.h; name = FLODataBaseEngin.h; path = "Global/数据库/FLODataBaseEngin.h"; sourceTree = "<group>"; };
		841FD21C1C1E9E40003D4F81 /* FLODataBaseEngin.m */ = {isa = PBXFileReference; fileEncoding = 4; lastKnownFileType = sourcecode.c.objc; name = FLODataBaseEngin.m; path = "Global/数据库/FLODataBaseEngin.m"; sourceTree = "<group>"; };
		841FD21F1C1EA2DC003D4F81 /* FLOBookMarkModel.h */ = {isa = PBXFileReference; fileEncoding = 4; lastKnownFileType = sourcecode.c.h; name = FLOBookMarkModel.h; path = "模块/书签/FLOBookMarkModel.h"; sourceTree = "<group>"; };
		841FD2201C1EA2DC003D4F81 /* FLOBookMarkModel.m */ = {isa = PBXFileReference; fileEncoding = 4; lastKnownFileType = sourcecode.c.objc; name = FLOBookMarkModel.m; path = "模块/书签/FLOBookMarkModel.m"; sourceTree = "<group>"; };
		84291A091C05867A0015F5F1 /* FloAPP.app */ = {isa = PBXFileReference; explicitFileType = wrapper.application; includeInIndex = 0; path = FloAPP.app; sourceTree = BUILT_PRODUCTS_DIR; };
		84291A0D1C05867A0015F5F1 /* main.m */ = {isa = PBXFileReference; lastKnownFileType = sourcecode.c.objc; path = main.m; sourceTree = "<group>"; };
		84291A0F1C05867A0015F5F1 /* AppDelegate.h */ = {isa = PBXFileReference; lastKnownFileType = sourcecode.c.h; path = AppDelegate.h; sourceTree = "<group>"; };
		84291A101C05867A0015F5F1 /* AppDelegate.m */ = {isa = PBXFileReference; lastKnownFileType = sourcecode.c.objc; path = AppDelegate.m; sourceTree = "<group>"; };
		84291A161C05867A0015F5F1 /* Base */ = {isa = PBXFileReference; lastKnownFileType = file.storyboard; name = Base; path = Base.lproj/Main.storyboard; sourceTree = "<group>"; };
		84291A181C05867A0015F5F1 /* Assets.xcassets */ = {isa = PBXFileReference; lastKnownFileType = folder.assetcatalog; path = Assets.xcassets; sourceTree = "<group>"; };
		84291A1B1C05867A0015F5F1 /* Base */ = {isa = PBXFileReference; lastKnownFileType = file.storyboard; name = Base; path = Base.lproj/LaunchScreen.storyboard; sourceTree = "<group>"; };
		84291A1D1C05867A0015F5F1 /* Info.plist */ = {isa = PBXFileReference; lastKnownFileType = text.plist.xml; path = Info.plist; sourceTree = "<group>"; };
		842FE8BD1C06E247005B27D5 /* FLOAccountManager.h */ = {isa = PBXFileReference; fileEncoding = 4; lastKnownFileType = sourcecode.c.h; name = FLOAccountManager.h; path = "登录/账户管理/FLOAccountManager.h"; sourceTree = "<group>"; };
		842FE8BE1C06E247005B27D5 /* FLOAccountManager.m */ = {isa = PBXFileReference; fileEncoding = 4; lastKnownFileType = sourcecode.c.objc; name = FLOAccountManager.m; path = "登录/账户管理/FLOAccountManager.m"; sourceTree = "<group>"; };
		8457DE591C27FFB900002533 /* FLOChatRecordModel.h */ = {isa = PBXFileReference; fileEncoding = 4; lastKnownFileType = sourcecode.c.h; name = FLOChatRecordModel.h; path = "消息/Model/FLOChatRecordModel.h"; sourceTree = "<group>"; };
		8457DE5A1C27FFB900002533 /* FLOChatRecordModel.m */ = {isa = PBXFileReference; fileEncoding = 4; lastKnownFileType = sourcecode.c.objc; name = FLOChatRecordModel.m; path = "消息/Model/FLOChatRecordModel.m"; sourceTree = "<group>"; };
		8457DE5C1C2800E800002533 /* FLOChatMessageModel.h */ = {isa = PBXFileReference; fileEncoding = 4; lastKnownFileType = sourcecode.c.h; name = FLOChatMessageModel.h; path = "消息/Model/FLOChatMessageModel.h"; sourceTree = "<group>"; };
		8457DE5D1C2800E800002533 /* FLOChatMessageModel.m */ = {isa = PBXFileReference; fileEncoding = 4; lastKnownFileType = sourcecode.c.objc; name = FLOChatMessageModel.m; path = "消息/Model/FLOChatMessageModel.m"; sourceTree = "<group>"; };
		845D32BB1C1EC03800831C70 /* FLOBookMarkTableViewController.h */ = {isa = PBXFileReference; fileEncoding = 4; lastKnownFileType = sourcecode.c.h; name = FLOBookMarkTableViewController.h; path = "模块/书签/FLOBookMarkTableViewController.h"; sourceTree = "<group>"; };
		845D32BC1C1EC03800831C70 /* FLOBookMarkTableViewController.m */ = {isa = PBXFileReference; fileEncoding = 4; lastKnownFileType = sourcecode.c.objc; name = FLOBookMarkTableViewController.m; path = "模块/书签/FLOBookMarkTableViewController.m"; sourceTree = "<group>"; };
		845D32BE1C1EC45400831C70 /* floapp.db */ = {isa = PBXFileReference; lastKnownFileType = file; path = floapp.db; sourceTree = "<group>"; };
		845D32C11C1ED14B00831C70 /* FLOAddBookMarkMaskView.xib */ = {isa = PBXFileReference; fileEncoding = 4; lastKnownFileType = file.xib; name = FLOAddBookMarkMaskView.xib; path = "模块/书签/FLOAddBookMarkMaskView.xib"; sourceTree = "<group>"; };
		845D32C31C1ED16F00831C70 /* FLOAddBookMarkMaskView.h */ = {isa = PBXFileReference; fileEncoding = 4; lastKnownFileType = sourcecode.c.h; name = FLOAddBookMarkMaskView.h; path = "模块/书签/FLOAddBookMarkMaskView.h"; sourceTree = "<group>"; };
		845D32C41C1ED16F00831C70 /* FLOAddBookMarkMaskView.m */ = {isa = PBXFileReference; fileEncoding = 4; lastKnownFileType = sourcecode.c.objc; name = FLOAddBookMarkMaskView.m; path = "模块/书签/FLOAddBookMarkMaskView.m"; sourceTree = "<group>"; };
		845D32C71C1F0BF200831C70 /* FLOSettingTableViewController.h */ = {isa = PBXFileReference; fileEncoding = 4; lastKnownFileType = sourcecode.c.h; name = FLOSettingTableViewController.h; path = "设置/FLOSettingTableViewController.h"; sourceTree = "<group>"; };
		845D32C81C1F0BF200831C70 /* FLOSettingTableViewController.m */ = {isa = PBXFileReference; fileEncoding = 4; lastKnownFileType = sourcecode.c.objc; name = FLOSettingTableViewController.m; path = "设置/FLOSettingTableViewController.m"; sourceTree = "<group>"; };
		846D83641C21B9A6007CA12B /* FLOWeiboAuthorization.h */ = {isa = PBXFileReference; fileEncoding = 4; lastKnownFileType = sourcecode.c.h; name = FLOWeiboAuthorization.h; path = "模块/微博/登录认证/FLOWeiboAuthorization.h"; sourceTree = "<group>"; };
		846D83651C21B9A6007CA12B /* FLOWeiboAuthorization.m */ = {isa = PBXFileReference; fileEncoding = 4; lastKnownFileType = sourcecode.c.objc; name = FLOWeiboAuthorization.m; path = "模块/微博/登录认证/FLOWeiboAuthorization.m"; sourceTree = "<group>"; };
		846D83671C21C1B1007CA12B /* FLOWeiboTableViewController.h */ = {isa = PBXFileReference; fileEncoding = 4; lastKnownFileType = sourcecode.c.h; name = FLOWeiboTableViewController.h; path = "模块/微博/首页/FLOWeiboTableViewController.h"; sourceTree = "<group>"; };
		846D83681C21C1B1007CA12B /* FLOWeiboTableViewController.m */ = {isa = PBXFileReference; fileEncoding = 4; lastKnownFileType = sourcecode.c.objc; name = FLOWeiboTableViewController.m; path = "模块/微博/首页/FLOWeiboTableViewController.m"; sourceTree = "<group>"; };
		846E9C461C298BDB00843A24 /* FLOBDMapViewController.h */ = {isa = PBXFileReference; fileEncoding = 4; lastKnownFileType = sourcecode.c.h; name = FLOBDMapViewController.h; path = "模块/百度地图/FLOBDMapViewController.h"; sourceTree = "<group>"; };
		846E9C471C298BDB00843A24 /* FLOBDMapViewController.m */ = {isa = PBXFileReference; fileEncoding = 4; lastKnownFileType = sourcecode.c.objc; name = FLOBDMapViewController.m; path = "模块/百度地图/FLOBDMapViewController.m"; sourceTree = "<group>"; };
		84812DC51C116061003928E6 /* FloCollectionViewController.h */ = {isa = PBXFileReference; fileEncoding = 4; lastKnownFileType = sourcecode.c.h; name = FloCollectionViewController.h; path = "首页/FloCollectionViewController.h"; sourceTree = "<group>"; };
		84812DC61C116061003928E6 /* FloCollectionViewController.m */ = {isa = PBXFileReference; fileEncoding = 4; lastKnownFileType = sourcecode.c.objc; name = FloCollectionViewController.m; path = "首页/FloCollectionViewController.m"; sourceTree = "<group>"; };
		84812DC81C1165EE003928E6 /* FLOCollectionItem.h */ = {isa = PBXFileReference; fileEncoding = 4; lastKnownFileType = sourcecode.c.h; name = FLOCollectionItem.h; path = "首页/Model/FLOCollectionItem.h"; sourceTree = "<group>"; };
		84812DC91C1165EE003928E6 /* FLOCollectionItem.m */ = {isa = PBXFileReference; fileEncoding = 4; lastKnownFileType = sourcecode.c.objc; name = FLOCollectionItem.m; path = "首页/Model/FLOCollectionItem.m"; sourceTree = "<group>"; };
		84812DCD1C11727A003928E6 /* FLOWebViewController.h */ = {isa = PBXFileReference; fileEncoding = 4; lastKnownFileType = sourcecode.c.h; name = FLOWebViewController.h; path = "首页/Controller/FLOWebViewController.h"; sourceTree = "<group>"; };
		84812DCE1C11727A003928E6 /* FLOWebViewController.m */ = {isa = PBXFileReference; fileEncoding = 4; lastKnownFileType = sourcecode.c.objc; name = FLOWebViewController.m; path = "首页/Controller/FLOWebViewController.m"; sourceTree = "<group>"; };
		84812DD91C117A63003928E6 /* FLOCollectionViewCell.h */ = {isa = PBXFileReference; fileEncoding = 4; lastKnownFileType = sourcecode.c.h; name = FLOCollectionViewCell.h; path = "首页/View/FLOCollectionViewCell.h"; sourceTree = "<group>"; };
		84812DDA1C117A63003928E6 /* FLOCollectionViewCell.m */ = {isa = PBXFileReference; fileEncoding = 4; lastKnownFileType = sourcecode.c.objc; name = FLOCollectionViewCell.m; path = "首页/View/FLOCollectionViewCell.m"; sourceTree = "<group>"; };
		849265F41C27A95F00261F36 /* FLOTouchIDViewController.h */ = {isa = PBXFileReference; fileEncoding = 4; lastKnownFileType = sourcecode.c.h; name = FLOTouchIDViewController.h; path = "模块/Touch ID/FLOTouchIDViewController.h"; sourceTree = "<group>"; };
		849265F51C27A95F00261F36 /* FLOTouchIDViewController.m */ = {isa = PBXFileReference; fileEncoding = 4; lastKnownFileType = sourcecode.c.objc; name = FLOTouchIDViewController.m; path = "模块/Touch ID/FLOTouchIDViewController.m"; sourceTree = "<group>"; };
		849EEDC11C26AD1D00CD9A7C /* FLOWeiboCommentTableViewCell.h */ = {isa = PBXFileReference; fileEncoding = 4; lastKnownFileType = sourcecode.c.h; name = FLOWeiboCommentTableViewCell.h; path = "模块/微博/详情/FLOWeiboCommentTableViewCell.h"; sourceTree = "<group>"; };
		849EEDC21C26AD1D00CD9A7C /* FLOWeiboCommentTableViewCell.m */ = {isa = PBXFileReference; fileEncoding = 4; lastKnownFileType = sourcecode.c.objc; name = FLOWeiboCommentTableViewCell.m; path = "模块/微博/详情/FLOWeiboCommentTableViewCell.m"; sourceTree = "<group>"; };
		849EEDC51C26AD8D00CD9A7C /* FLOWeiboCommentModel.h */ = {isa = PBXFileReference; fileEncoding = 4; lastKnownFileType = sourcecode.c.h; name = FLOWeiboCommentModel.h; path = "模块/微博/详情/FLOWeiboCommentModel.h"; sourceTree = "<group>"; };
		849EEDC61C26AD8D00CD9A7C /* FLOWeiboCommentModel.m */ = {isa = PBXFileReference; fileEncoding = 4; lastKnownFileType = sourcecode.c.objc; name = FLOWeiboCommentModel.m; path = "模块/微博/详情/FLOWeiboCommentModel.m"; sourceTree = "<group>"; };
		849EEDC81C26B6C900CD9A7C /* FLOWeiboDetailViewController.h */ = {isa = PBXFileReference; fileEncoding = 4; lastKnownFileType = sourcecode.c.h; name = FLOWeiboDetailViewController.h; path = "模块/微博/详情/FLOWeiboDetailViewController.h"; sourceTree = "<group>"; };
		849EEDC91C26B6C900CD9A7C /* FLOWeiboDetailViewController.m */ = {isa = PBXFileReference; fileEncoding = 4; lastKnownFileType = sourcecode.c.objc; name = FLOWeiboDetailViewController.m; path = "模块/微博/详情/FLOWeiboDetailViewController.m"; sourceTree = "<group>"; };
		849EEDCB1C26C38700CD9A7C /* FLOWeiboReportComViewController.h */ = {isa = PBXFileReference; fileEncoding = 4; lastKnownFileType = sourcecode.c.h; name = FLOWeiboReportComViewController.h; path = "模块/微博/评论转发/FLOWeiboReportComViewController.h"; sourceTree = "<group>"; };
		849EEDCC1C26C38700CD9A7C /* FLOWeiboReportComViewController.m */ = {isa = PBXFileReference; fileEncoding = 4; lastKnownFileType = sourcecode.c.objc; name = FLOWeiboReportComViewController.m; path = "模块/微博/评论转发/FLOWeiboReportComViewController.m"; sourceTree = "<group>"; };
		84DA68B51C226459001B9E79 /* FLOWeiboStatusModel.h */ = {isa = PBXFileReference; fileEncoding = 4; lastKnownFileType = sourcecode.c.h; name = FLOWeiboStatusModel.h; path = "模块/微博/首页/FLOWeiboStatusModel.h"; sourceTree = "<group>"; };
		84DA68B61C226459001B9E79 /* FLOWeiboStatusModel.m */ = {isa = PBXFileReference; fileEncoding = 4; lastKnownFileType = sourcecode.c.objc; name = FLOWeiboStatusModel.m; path = "模块/微博/首页/FLOWeiboStatusModel.m"; sourceTree = "<group>"; };
		84DA68B81C2264DF001B9E79 /* FLOWeiboUserModel.h */ = {isa = PBXFileReference; fileEncoding = 4; lastKnownFileType = sourcecode.c.h; name = FLOWeiboUserModel.h; path = "模块/微博/登录认证/FLOWeiboUserModel.h"; sourceTree = "<group>"; };
		84DA68B91C2264DF001B9E79 /* FLOWeiboUserModel.m */ = {isa = PBXFileReference; fileEncoding = 4; lastKnownFileType = sourcecode.c.objc; name = FLOWeiboUserModel.m; path = "模块/微博/登录认证/FLOWeiboUserModel.m"; sourceTree = "<group>"; };
		84DA68BB1C227F6E001B9E79 /* FLOWeiboStatusTableViewCell.h */ = {isa = PBXFileReference; fileEncoding = 4; lastKnownFileType = sourcecode.c.h; name = FLOWeiboStatusTableViewCell.h; path = "模块/微博/首页/FLOWeiboStatusTableViewCell.h"; sourceTree = "<group>"; };
		84DA68BC1C227F6E001B9E79 /* FLOWeiboStatusTableViewCell.m */ = {isa = PBXFileReference; fileEncoding = 4; lastKnownFileType = sourcecode.c.objc; name = FLOWeiboStatusTableViewCell.m; path = "模块/微博/首页/FLOWeiboStatusTableViewCell.m"; sourceTree = "<group>"; };
		84DA68BE1C227F93001B9E79 /* FLOWeiboStatusFoolerTableViewCell.h */ = {isa = PBXFileReference; fileEncoding = 4; lastKnownFileType = sourcecode.c.h; name = FLOWeiboStatusFoolerTableViewCell.h; path = "模块/微博/首页/FLOWeiboStatusFoolerTableViewCell.h"; sourceTree = "<group>"; };
		84DA68BF1C227F93001B9E79 /* FLOWeiboStatusFoolerTableViewCell.m */ = {isa = PBXFileReference; fileEncoding = 4; lastKnownFileType = sourcecode.c.objc; name = FLOWeiboStatusFoolerTableViewCell.m; path = "模块/微博/首页/FLOWeiboStatusFoolerTableViewCell.m"; sourceTree = "<group>"; };
		84DD6E6D1C05A009005C1AE2 /* FLOTabBarController.h */ = {isa = PBXFileReference; fileEncoding = 4; lastKnownFileType = sourcecode.c.h; name = FLOTabBarController.h; path = Global/TabBarController/FLOTabBarController.h; sourceTree = "<group>"; };
		84DD6E6E1C05A009005C1AE2 /* FLOTabBarController.m */ = {isa = PBXFileReference; fileEncoding = 4; lastKnownFileType = sourcecode.c.objc; name = FLOTabBarController.m; path = Global/TabBarController/FLOTabBarController.m; sourceTree = "<group>"; };
		84DD6E751C05A106005C1AE2 /* FLOLoginViewController.h */ = {isa = PBXFileReference; fileEncoding = 4; lastKnownFileType = sourcecode.c.h; name = FLOLoginViewController.h; path = "登录/FLOLoginViewController.h"; sourceTree = "<group>"; };
		84DD6E761C05A106005C1AE2 /* FLOLoginViewController.m */ = {isa = PBXFileReference; fileEncoding = 4; lastKnownFileType = sourcecode.c.objc; name = FLOLoginViewController.m; path = "登录/FLOLoginViewController.m"; sourceTree = "<group>"; };
		84DD6E781C05A16A005C1AE2 /* FLOMessageTableViewController.h */ = {isa = PBXFileReference; fileEncoding = 4; lastKnownFileType = sourcecode.c.h; name = FLOMessageTableViewController.h; path = "消息/FLOMessageTableViewController.h"; sourceTree = "<group>"; };
		84DD6E791C05A16A005C1AE2 /* FLOMessageTableViewController.m */ = {isa = PBXFileReference; fileEncoding = 4; lastKnownFileType = sourcecode.c.objc; name = FLOMessageTableViewController.m; path = "消息/FLOMessageTableViewController.m"; sourceTree = "<group>"; };
		84DD6E7B1C05A18F005C1AE2 /* FLOFriendsTableViewController.h */ = {isa = PBXFileReference; fileEncoding = 4; lastKnownFileType = sourcecode.c.h; name = FLOFriendsTableViewController.h; path = "联系人/FLOFriendsTableViewController.h"; sourceTree = "<group>"; };
		84DD6E7C1C05A18F005C1AE2 /* FLOFriendsTableViewController.m */ = {isa = PBXFileReference; fileEncoding = 4; lastKnownFileType = sourcecode.c.objc; name = FLOFriendsTableViewController.m; path = "联系人/FLOFriendsTableViewController.m"; sourceTree = "<group>"; };
		84DD6E7E1C05A83B005C1AE2 /* FLOSideMenu.h */ = {isa = PBXFileReference; fileEncoding = 4; lastKnownFileType = sourcecode.c.h; name = FLOSideMenu.h; path = Global/SlideMenu/FLOSideMenu.h; sourceTree = "<group>"; };
		84DD6E7F1C05A83B005C1AE2 /* FLOSideMenu.m */ = {isa = PBXFileReference; fileEncoding = 4; lastKnownFileType = sourcecode.c.objc; name = FLOSideMenu.m; path = Global/SlideMenu/FLOSideMenu.m; sourceTree = "<group>"; };
		84DD6E821C05AB06005C1AE2 /* FLOLeftMenuVC.h */ = {isa = PBXFileReference; fileEncoding = 4; lastKnownFileType = sourcecode.c.h; name = FLOLeftMenuVC.h; path = Global/SlideMenu/FLOLeftMenuVC.h; sourceTree = "<group>"; };
		84DD6E831C05AB06005C1AE2 /* FLOLeftMenuVC.m */ = {isa = PBXFileReference; fileEncoding = 4; lastKnownFileType = sourcecode.c.objc; name = FLOLeftMenuVC.m; path = Global/SlideMenu/FLOLeftMenuVC.m; sourceTree = "<group>"; };
		84DD6E851C05BC6C005C1AE2 /* FLONavigationController.h */ = {isa = PBXFileReference; fileEncoding = 4; lastKnownFileType = sourcecode.c.h; name = FLONavigationController.h; path = Global/NavigationController/FLONavigationController.h; sourceTree = "<group>"; };
		84DD6E861C05BC6C005C1AE2 /* FLONavigationController.m */ = {isa = PBXFileReference; fileEncoding = 4; lastKnownFileType = sourcecode.c.objc; name = FLONavigationController.m; path = Global/NavigationController/FLONavigationController.m; sourceTree = "<group>"; };
		84EEC5511C2396690089454E /* FLOCodeViewController.h */ = {isa = PBXFileReference; fileEncoding = 4; lastKnownFileType = sourcecode.c.h; name = FLOCodeViewController.h; path = "模块/二维码/FLOCodeViewController.h"; sourceTree = "<group>"; };
		84EEC5521C2396690089454E /* FLOCodeViewController.m */ = {isa = PBXFileReference; fileEncoding = 4; lastKnownFileType = sourcecode.c.objc; name = FLOCodeViewController.m; path = "模块/二维码/FLOCodeViewController.m"; sourceTree = "<group>"; };
		84EEC5541C2396A30089454E /* FLOCodeResultViewController.h */ = {isa = PBXFileReference; fileEncoding = 4; lastKnownFileType = sourcecode.c.h; name = FLOCodeResultViewController.h; path = "模块/二维码/FLOCodeResultViewController.h"; sourceTree = "<group>"; };
		84EEC5551C2396A30089454E /* FLOCodeResultViewController.m */ = {isa = PBXFileReference; fileEncoding = 4; lastKnownFileType = sourcecode.c.objc; name = FLOCodeResultViewController.m; path = "模块/二维码/FLOCodeResultViewController.m"; sourceTree = "<group>"; };
		84F2A69E1C07F6080084156F /* FLOMessageTableViewCell.h */ = {isa = PBXFileReference; fileEncoding = 4; lastKnownFileType = sourcecode.c.h; name = FLOMessageTableViewCell.h; path = "消息/View/FLOMessageTableViewCell.h"; sourceTree = "<group>"; };
		84F2A69F1C07F6080084156F /* FLOMessageTableViewCell.m */ = {isa = PBXFileReference; fileEncoding = 4; lastKnownFileType = sourcecode.c.objc; name = FLOMessageTableViewCell.m; path = "消息/View/FLOMessageTableViewCell.m"; sourceTree = "<group>"; };
		84F2A6A71C0803030084156F /* FLOUserModel.h */ = {isa = PBXFileReference; fileEncoding = 4; lastKnownFileType = sourcecode.c.h; name = FLOUserModel.h; path = "Global/用户/FLOUserModel.h"; sourceTree = "<group>"; };
		84F2A6A81C0803030084156F /* FLOUserModel.m */ = {isa = PBXFileReference; fileEncoding = 4; lastKnownFileType = sourcecode.c.objc; name = FLOUserModel.m; path = "Global/用户/FLOUserModel.m"; sourceTree = "<group>"; };
		D58965F0A18C6EE0430FC5C9 /* Pods-XMPPChat.debug.xcconfig */ = {isa = PBXFileReference; includeInIndex = 1; lastKnownFileType = text.xcconfig; name = "Pods-XMPPChat.debug.xcconfig"; path = "Pods/Target Support Files/Pods-XMPPChat/Pods-XMPPChat.debug.xcconfig"; sourceTree = "<group>"; };
/* End PBXFileReference section */

/* Begin PBXFrameworksBuildPhase section */
		84291A061C05867A0015F5F1 /* Frameworks */ = {
			isa = PBXFrameworksBuildPhase;
			buildActionMask = 2147483647;
			files = (
				BFCBFE742134AD90D5FC3750 /* libPods-XMPPChat.a in Frameworks */,
			);
			runOnlyForDeploymentPostprocessing = 0;
		};
/* End PBXFrameworksBuildPhase section */

/* Begin PBXGroup section */
		19478BFF27383691477045C5 /* Frameworks */ = {
			isa = PBXGroup;
			children = (
				327E2092BD8C89D3189F9A3A /* libPods-XMPPChat.a */,
			);
			name = Frameworks;
			sourceTree = "<group>";
		};
		840EE8151C11E4CB00DFE53E /* 模块 */ = {
			isa = PBXGroup;
			children = (
				846E9C391C29813800843A24 /* 百度地图 */,
				849265F31C27A82A00261F36 /* Touch ID */,
				84EEC5501C2394C90089454E /* 扫一扫 */,
				840EE8161C11E4DF00DFE53E /* UIFont */,
				84812DCC1C117233003928E6 /* 浏览器 */,
				841FD21E1C1EA260003D4F81 /* 书签 */,
				846D835F1C21B7A2007CA12B /* 微博 */,
			);
			name = "模块";
			sourceTree = "<group>";
		};
		840EE8161C11E4DF00DFE53E /* UIFont */ = {
			isa = PBXGroup;
			children = (
				840EE8171C11E51400DFE53E /* FLOFontTableViewController.h */,
				840EE8181C11E51400DFE53E /* FLOFontTableViewController.m */,
			);
			name = UIFont;
			sourceTree = "<group>";
		};
		841FD2171C1E9DAA003D4F81 /* 数据库 */ = {
			isa = PBXGroup;
			children = (
				845D32BE1C1EC45400831C70 /* floapp.db */,
				841FD21B1C1E9E40003D4F81 /* FLODataBaseEngin.h */,
				841FD21C1C1E9E40003D4F81 /* FLODataBaseEngin.m */,
			);
			name = "数据库";
			sourceTree = "<group>";
		};
		841FD21E1C1EA260003D4F81 /* 书签 */ = {
			isa = PBXGroup;
			children = (
				845D32BB1C1EC03800831C70 /* FLOBookMarkTableViewController.h */,
				845D32BC1C1EC03800831C70 /* FLOBookMarkTableViewController.m */,
				845D32BA1C1EC00A00831C70 /* Model */,
				845D32C01C1ED0EF00831C70 /* 添加书签View */,
			);
			name = "书签";
			sourceTree = "<group>";
		};
		84291A001C05867A0015F5F1 = {
			isa = PBXGroup;
			children = (
				84291A0B1C05867A0015F5F1 /* XMPPChat */,
				84291A0A1C05867A0015F5F1 /* Products */,
				A4FF2F2247042C6B21EB0DC9 /* Pods */,
				19478BFF27383691477045C5 /* Frameworks */,
			);
			sourceTree = "<group>";
		};
		84291A0A1C05867A0015F5F1 /* Products */ = {
			isa = PBXGroup;
			children = (
				84291A091C05867A0015F5F1 /* FloAPP.app */,
			);
			name = Products;
			sourceTree = "<group>";
		};
		84291A0B1C05867A0015F5F1 /* XMPPChat */ = {
			isa = PBXGroup;
			children = (
				840EE8151C11E4CB00DFE53E /* 模块 */,
				84812DC41C11601D003928E6 /* 首页 */,
				84812DC31C116013003928E6 /* 聊天 */,
				84DD6E721C05A038005C1AE2 /* 登录 */,
				845D32C61C1F0B5700831C70 /* 设置 */,
				84DD6E701C05A00F005C1AE2 /* Global */,
				84291A0F1C05867A0015F5F1 /* AppDelegate.h */,
				84291A101C05867A0015F5F1 /* AppDelegate.m */,
				84291A151C05867A0015F5F1 /* Main.storyboard */,
				84291A181C05867A0015F5F1 /* Assets.xcassets */,
				84291A1A1C05867A0015F5F1 /* LaunchScreen.storyboard */,
				84291A1D1C05867A0015F5F1 /* Info.plist */,
				84291A0C1C05867A0015F5F1 /* Supporting Files */,
			);
			path = XMPPChat;
			sourceTree = "<group>";
		};
		84291A0C1C05867A0015F5F1 /* Supporting Files */ = {
			isa = PBXGroup;
			children = (
				84291A0D1C05867A0015F5F1 /* main.m */,
			);
			name = "Supporting Files";
			sourceTree = "<group>";
		};
		842FE8B91C06E1D6005B27D5 /* 账户管理 */ = {
			isa = PBXGroup;
			children = (
				842FE8BD1C06E247005B27D5 /* FLOAccountManager.h */,
				842FE8BE1C06E247005B27D5 /* FLOAccountManager.m */,
			);
			name = "账户管理";
			sourceTree = "<group>";
		};
		845D32BA1C1EC00A00831C70 /* Model */ = {
			isa = PBXGroup;
			children = (
				841FD21F1C1EA2DC003D4F81 /* FLOBookMarkModel.h */,
				841FD2201C1EA2DC003D4F81 /* FLOBookMarkModel.m */,
			);
			name = Model;
			sourceTree = "<group>";
		};
		845D32C01C1ED0EF00831C70 /* 添加书签View */ = {
			isa = PBXGroup;
			children = (
				845D32C31C1ED16F00831C70 /* FLOAddBookMarkMaskView.h */,
				845D32C41C1ED16F00831C70 /* FLOAddBookMarkMaskView.m */,
				845D32C11C1ED14B00831C70 /* FLOAddBookMarkMaskView.xib */,
			);
			name = "添加书签View";
			sourceTree = "<group>";
		};
		845D32C61C1F0B5700831C70 /* 设置 */ = {
			isa = PBXGroup;
			children = (
				845D32C71C1F0BF200831C70 /* FLOSettingTableViewController.h */,
				845D32C81C1F0BF200831C70 /* FLOSettingTableViewController.m */,
			);
			name = "设置";
			sourceTree = "<group>";
		};
		846D835F1C21B7A2007CA12B /* 微博 */ = {
			isa = PBXGroup;
			children = (
				846D83611C21B7D0007CA12B /* 首页 */,
				846D83631C21B7EF007CA12B /* 详情 */,
				846D83621C21B7E3007CA12B /* 评论转发 */,
				846D83601C21B7C0007CA12B /* 登录认证 */,
			);
			name = "微博";
			sourceTree = "<group>";
		};
		846D83601C21B7C0007CA12B /* 登录认证 */ = {
			isa = PBXGroup;
			children = (
				846D836A1C21C230007CA12B /* Model */,
			);
			name = "登录认证";
			sourceTree = "<group>";
		};
		846D83611C21B7D0007CA12B /* 首页 */ = {
			isa = PBXGroup;
			children = (
				846D83671C21C1B1007CA12B /* FLOWeiboTableViewController.h */,
				846D83681C21C1B1007CA12B /* FLOWeiboTableViewController.m */,
				846D83721C21D1B3007CA12B /* Model */,
				846D83711C21D1A1007CA12B /* View */,
			);
			name = "首页";
			sourceTree = "<group>";
		};
		846D83621C21B7E3007CA12B /* 评论转发 */ = {
			isa = PBXGroup;
			children = (
				849EEDCB1C26C38700CD9A7C /* FLOWeiboReportComViewController.h */,
				849EEDCC1C26C38700CD9A7C /* FLOWeiboReportComViewController.m */,
			);
			name = "评论转发";
			sourceTree = "<group>";
		};
		846D83631C21B7EF007CA12B /* 详情 */ = {
			isa = PBXGroup;
			children = (
				849EEDC81C26B6C900CD9A7C /* FLOWeiboDetailViewController.h */,
				849EEDC91C26B6C900CD9A7C /* FLOWeiboDetailViewController.m */,
				849EEDC01C26ACEE00CD9A7C /* View */,
				849EEDC41C26AD6D00CD9A7C /* Model */,
			);
			name = "详情";
			sourceTree = "<group>";
		};
		846D836A1C21C230007CA12B /* Model */ = {
			isa = PBXGroup;
			children = (
				84DA68B81C2264DF001B9E79 /* FLOWeiboUserModel.h */,
				84DA68B91C2264DF001B9E79 /* FLOWeiboUserModel.m */,
				846D83641C21B9A6007CA12B /* FLOWeiboAuthorization.h */,
				846D83651C21B9A6007CA12B /* FLOWeiboAuthorization.m */,
			);
			name = Model;
			sourceTree = "<group>";
		};
		846D83711C21D1A1007CA12B /* View */ = {
			isa = PBXGroup;
			children = (
				84DA68BB1C227F6E001B9E79 /* FLOWeiboStatusTableViewCell.h */,
				84DA68BC1C227F6E001B9E79 /* FLOWeiboStatusTableViewCell.m */,
				84DA68BE1C227F93001B9E79 /* FLOWeiboStatusFoolerTableViewCell.h */,
				84DA68BF1C227F93001B9E79 /* FLOWeiboStatusFoolerTableViewCell.m */,
			);
			name = View;
			sourceTree = "<group>";
		};
		846D83721C21D1B3007CA12B /* Model */ = {
			isa = PBXGroup;
			children = (
				84DA68B51C226459001B9E79 /* FLOWeiboStatusModel.h */,
				84DA68B61C226459001B9E79 /* FLOWeiboStatusModel.m */,
			);
			name = Model;
			sourceTree = "<group>";
		};
		846E9C391C29813800843A24 /* 百度地图 */ = {
			isa = PBXGroup;
			children = (
				846E9C461C298BDB00843A24 /* FLOBDMapViewController.h */,
				846E9C471C298BDB00843A24 /* FLOBDMapViewController.m */,
			);
			name = "百度地图";
			sourceTree = "<group>";
		};
		84812DC31C116013003928E6 /* 聊天 */ = {
			isa = PBXGroup;
			children = (
				84A3B9481C28458B001DC137 /* 聊天 */,
				84DD6E731C05A042005C1AE2 /* 消息 */,
				84DD6E741C05A05E005C1AE2 /* 联系人 */,
			);
			name = "聊天";
			sourceTree = "<group>";
		};
		84812DC41C11601D003928E6 /* 首页 */ = {
			isa = PBXGroup;
			children = (
				84812DC51C116061003928E6 /* FloCollectionViewController.h */,
				84812DC61C116061003928E6 /* FloCollectionViewController.m */,
				84812DCB1C1165F6003928E6 /* Model */,
				84812DD01C11772F003928E6 /* View */,
			);
			name = "首页";
			sourceTree = "<group>";
		};
		84812DCB1C1165F6003928E6 /* Model */ = {
			isa = PBXGroup;
			children = (
				84812DC81C1165EE003928E6 /* FLOCollectionItem.h */,
				84812DC91C1165EE003928E6 /* FLOCollectionItem.m */,
			);
			name = Model;
			sourceTree = "<group>";
		};
		84812DCC1C117233003928E6 /* 浏览器 */ = {
			isa = PBXGroup;
			children = (
				84812DCD1C11727A003928E6 /* FLOWebViewController.h */,
				84812DCE1C11727A003928E6 /* FLOWebViewController.m */,
			);
			name = "浏览器";
			sourceTree = "<group>";
		};
		84812DD01C11772F003928E6 /* View */ = {
			isa = PBXGroup;
			children = (
				84812DD91C117A63003928E6 /* FLOCollectionViewCell.h */,
				84812DDA1C117A63003928E6 /* FLOCollectionViewCell.m */,
			);
			name = View;
			sourceTree = "<group>";
		};
		849265F31C27A82A00261F36 /* Touch ID */ = {
			isa = PBXGroup;
			children = (
				849265F41C27A95F00261F36 /* FLOTouchIDViewController.h */,
				849265F51C27A95F00261F36 /* FLOTouchIDViewController.m */,
			);
			name = "Touch ID";
			sourceTree = "<group>";
		};
		849EEDC01C26ACEE00CD9A7C /* View */ = {
			isa = PBXGroup;
			children = (
				849EEDC11C26AD1D00CD9A7C /* FLOWeiboCommentTableViewCell.h */,
				849EEDC21C26AD1D00CD9A7C /* FLOWeiboCommentTableViewCell.m */,
			);
			name = View;
			sourceTree = "<group>";
		};
		849EEDC41C26AD6D00CD9A7C /* Model */ = {
			isa = PBXGroup;
			children = (
				849EEDC51C26AD8D00CD9A7C /* FLOWeiboCommentModel.h */,
				849EEDC61C26AD8D00CD9A7C /* FLOWeiboCommentModel.m */,
			);
			name = Model;
			sourceTree = "<group>";
		};
		84A3B9481C28458B001DC137 /* 聊天 */ = {
			isa = PBXGroup;
			children = (
			);
			name = "聊天";
			sourceTree = "<group>";
		};
		84DD6E701C05A00F005C1AE2 /* Global */ = {
			isa = PBXGroup;
			children = (
				841FD2171C1E9DAA003D4F81 /* 数据库 */,
				84F2A6A61C0802E10084156F /* 用户 */,
				84DD6E711C05A01B005C1AE2 /* TabBarController */,
				84DD6E811C05A842005C1AE2 /* SlideMenu */,
				84DD6E881C05BC70005C1AE2 /* NavigationController */,
			);
			name = Global;
			sourceTree = "<group>";
		};
		84DD6E711C05A01B005C1AE2 /* TabBarController */ = {
			isa = PBXGroup;
			children = (
				84DD6E6D1C05A009005C1AE2 /* FLOTabBarController.h */,
				84DD6E6E1C05A009005C1AE2 /* FLOTabBarController.m */,
			);
			name = TabBarController;
			sourceTree = "<group>";
		};
		84DD6E721C05A038005C1AE2 /* 登录 */ = {
			isa = PBXGroup;
			children = (
				842FE8B91C06E1D6005B27D5 /* 账户管理 */,
				84DD6E751C05A106005C1AE2 /* FLOLoginViewController.h */,
				84DD6E761C05A106005C1AE2 /* FLOLoginViewController.m */,
			);
			name = "登录";
			sourceTree = "<group>";
		};
		84DD6E731C05A042005C1AE2 /* 消息 */ = {
			isa = PBXGroup;
			children = (
				84DD6E781C05A16A005C1AE2 /* FLOMessageTableViewController.h */,
				84DD6E791C05A16A005C1AE2 /* FLOMessageTableViewController.m */,
				84F2A6A11C07F61A0084156F /* View */,
				84F2A6A21C0800140084156F /* Model */,
			);
			name = "消息";
			sourceTree = "<group>";
		};
		84DD6E741C05A05E005C1AE2 /* 联系人 */ = {
			isa = PBXGroup;
			children = (
				84DD6E7B1C05A18F005C1AE2 /* FLOFriendsTableViewController.h */,
				84DD6E7C1C05A18F005C1AE2 /* FLOFriendsTableViewController.m */,
			);
			name = "联系人";
			sourceTree = "<group>";
		};
		84DD6E811C05A842005C1AE2 /* SlideMenu */ = {
			isa = PBXGroup;
			children = (
				84DD6E7E1C05A83B005C1AE2 /* FLOSideMenu.h */,
				84DD6E7F1C05A83B005C1AE2 /* FLOSideMenu.m */,
				84DD6E821C05AB06005C1AE2 /* FLOLeftMenuVC.h */,
				84DD6E831C05AB06005C1AE2 /* FLOLeftMenuVC.m */,
			);
			name = SlideMenu;
			sourceTree = "<group>";
		};
		84DD6E881C05BC70005C1AE2 /* NavigationController */ = {
			isa = PBXGroup;
			children = (
				84DD6E851C05BC6C005C1AE2 /* FLONavigationController.h */,
				84DD6E861C05BC6C005C1AE2 /* FLONavigationController.m */,
			);
			name = NavigationController;
			sourceTree = "<group>";
		};
		84EEC5501C2394C90089454E /* 扫一扫 */ = {
			isa = PBXGroup;
			children = (
				84EEC5511C2396690089454E /* FLOCodeViewController.h */,
				84EEC5521C2396690089454E /* FLOCodeViewController.m */,
				84EEC5541C2396A30089454E /* FLOCodeResultViewController.h */,
				84EEC5551C2396A30089454E /* FLOCodeResultViewController.m */,
			);
			name = "扫一扫";
			sourceTree = "<group>";
		};
		84F2A6A11C07F61A0084156F /* View */ = {
			isa = PBXGroup;
			children = (
				84F2A69E1C07F6080084156F /* FLOMessageTableViewCell.h */,
				84F2A69F1C07F6080084156F /* FLOMessageTableViewCell.m */,
			);
			name = View;
			sourceTree = "<group>";
		};
		84F2A6A21C0800140084156F /* Model */ = {
			isa = PBXGroup;
			children = (
				8457DE591C27FFB900002533 /* FLOChatRecordModel.h */,
				8457DE5A1C27FFB900002533 /* FLOChatRecordModel.m */,
				8457DE5C1C2800E800002533 /* FLOChatMessageModel.h */,
				8457DE5D1C2800E800002533 /* FLOChatMessageModel.m */,
			);
			name = Model;
			sourceTree = "<group>";
		};
		84F2A6A61C0802E10084156F /* 用户 */ = {
			isa = PBXGroup;
			children = (
				84F2A6A71C0803030084156F /* FLOUserModel.h */,
				84F2A6A81C0803030084156F /* FLOUserModel.m */,
			);
			name = "用户";
			sourceTree = "<group>";
		};
		A4FF2F2247042C6B21EB0DC9 /* Pods */ = {
			isa = PBXGroup;
			children = (
				D58965F0A18C6EE0430FC5C9 /* Pods-XMPPChat.debug.xcconfig */,
				6EAB8E06A782426E86BFF338 /* Pods-XMPPChat.release.xcconfig */,
			);
			name = Pods;
			sourceTree = "<group>";
		};
/* End PBXGroup section */

/* Begin PBXNativeTarget section */
		84291A081C05867A0015F5F1 /* XMPPChat */ = {
			isa = PBXNativeTarget;
			buildConfigurationList = 84291A201C05867A0015F5F1 /* Build configuration list for PBXNativeTarget "XMPPChat" */;
			buildPhases = (
				ED9214807A73DF759DEB46BE /* Check Pods Manifest.lock */,
				84291A051C05867A0015F5F1 /* Sources */,
				84291A061C05867A0015F5F1 /* Frameworks */,
				84291A071C05867A0015F5F1 /* Resources */,
				E6C201C5256BEEBF2F7CA156 /* Copy Pods Resources */,
			);
			buildRules = (
			);
			dependencies = (
			);
			name = XMPPChat;
			productName = XMPPChat;
			productReference = 84291A091C05867A0015F5F1 /* FloAPP.app */;
			productType = "com.apple.product-type.application";
		};
/* End PBXNativeTarget section */

/* Begin PBXProject section */
		84291A011C05867A0015F5F1 /* Project object */ = {
			isa = PBXProject;
			attributes = {
				LastUpgradeCheck = 0710;
				ORGANIZATIONNAME = Flolangka;
				TargetAttributes = {
					84291A081C05867A0015F5F1 = {
						CreatedOnToolsVersion = 7.1;
						DevelopmentTeam = X928ZDD77C;
					};
				};
			};
			buildConfigurationList = 84291A041C05867A0015F5F1 /* Build configuration list for PBXProject "XMPPChat" */;
			compatibilityVersion = "Xcode 3.2";
			developmentRegion = English;
			hasScannedForEncodings = 0;
			knownRegions = (
				en,
				Base,
			);
			mainGroup = 84291A001C05867A0015F5F1;
			productRefGroup = 84291A0A1C05867A0015F5F1 /* Products */;
			projectDirPath = "";
			projectRoot = "";
			targets = (
				84291A081C05867A0015F5F1 /* XMPPChat */,
			);
		};
/* End PBXProject section */

/* Begin PBXResourcesBuildPhase section */
		84291A071C05867A0015F5F1 /* Resources */ = {
			isa = PBXResourcesBuildPhase;
			buildActionMask = 2147483647;
			files = (
				845D32C21C1ED14B00831C70 /* FLOAddBookMarkMaskView.xib in Resources */,
				84291A1C1C05867A0015F5F1 /* LaunchScreen.storyboard in Resources */,
				84291A191C05867A0015F5F1 /* Assets.xcassets in Resources */,
				84291A171C05867A0015F5F1 /* Main.storyboard in Resources */,
				845D32BF1C1EC45400831C70 /* floapp.db in Resources */,
			);
			runOnlyForDeploymentPostprocessing = 0;
		};
/* End PBXResourcesBuildPhase section */

/* Begin PBXShellScriptBuildPhase section */
		E6C201C5256BEEBF2F7CA156 /* Copy Pods Resources */ = {
			isa = PBXShellScriptBuildPhase;
			buildActionMask = 2147483647;
			files = (
			);
			inputPaths = (
			);
			name = "Copy Pods Resources";
			outputPaths = (
			);
			runOnlyForDeploymentPostprocessing = 0;
			shellPath = /bin/sh;
			shellScript = "\"${SRCROOT}/Pods/Target Support Files/Pods-XMPPChat/Pods-XMPPChat-resources.sh\"\n";
			showEnvVarsInLog = 0;
		};
		ED9214807A73DF759DEB46BE /* Check Pods Manifest.lock */ = {
			isa = PBXShellScriptBuildPhase;
			buildActionMask = 2147483647;
			files = (
			);
			inputPaths = (
			);
			name = "Check Pods Manifest.lock";
			outputPaths = (
			);
			runOnlyForDeploymentPostprocessing = 0;
			shellPath = /bin/sh;
			shellScript = "diff \"${PODS_ROOT}/../Podfile.lock\" \"${PODS_ROOT}/Manifest.lock\" > /dev/null\nif [[ $? != 0 ]] ; then\n    cat << EOM\nerror: The sandbox is not in sync with the Podfile.lock. Run 'pod install' or update your CocoaPods installation.\nEOM\n    exit 1\nfi\n";
			showEnvVarsInLog = 0;
		};
/* End PBXShellScriptBuildPhase section */

/* Begin PBXSourcesBuildPhase section */
		84291A051C05867A0015F5F1 /* Sources */ = {
			isa = PBXSourcesBuildPhase;
			buildActionMask = 2147483647;
			files = (
				84812DCA1C1165EE003928E6 /* FLOCollectionItem.m in Sources */,
				8457DE5E1C2800E800002533 /* FLOChatMessageModel.m in Sources */,
				84812DC71C116061003928E6 /* FloCollectionViewController.m in Sources */,
				849EEDC31C26AD1D00CD9A7C /* FLOWeiboCommentTableViewCell.m in Sources */,
				845D32BD1C1EC03800831C70 /* FLOBookMarkTableViewController.m in Sources */,
				846D83691C21C1B1007CA12B /* FLOWeiboTableViewController.m in Sources */,
				84F2A6A91C0803030084156F /* FLOUserModel.m in Sources */,
				84EEC5561C2396A30089454E /* FLOCodeResultViewController.m in Sources */,
				84DD6E771C05A106005C1AE2 /* FLOLoginViewController.m in Sources */,
				849EEDCA1C26B6C900CD9A7C /* FLOWeiboDetailViewController.m in Sources */,
				841FD2211C1EA2DC003D4F81 /* FLOBookMarkModel.m in Sources */,
				84DD6E7A1C05A16A005C1AE2 /* FLOMessageTableViewController.m in Sources */,
				845D32C51C1ED16F00831C70 /* FLOAddBookMarkMaskView.m in Sources */,
				84DA68BD1C227F6E001B9E79 /* FLOWeiboStatusTableViewCell.m in Sources */,
				84EEC5531C2396690089454E /* FLOCodeViewController.m in Sources */,
				84DD6E6F1C05A009005C1AE2 /* FLOTabBarController.m in Sources */,
				84DD6E7D1C05A18F005C1AE2 /* FLOFriendsTableViewController.m in Sources */,
				84812DDB1C117A63003928E6 /* FLOCollectionViewCell.m in Sources */,
				84DD6E871C05BC6C005C1AE2 /* FLONavigationController.m in Sources */,
				849EEDC71C26AD8D00CD9A7C /* FLOWeiboCommentModel.m in Sources */,
				840EE8191C11E51400DFE53E /* FLOFontTableViewController.m in Sources */,
				846E9C481C298BDB00843A24 /* FLOBDMapViewController.m in Sources */,
				849EEDCD1C26C38700CD9A7C /* FLOWeiboReportComViewController.m in Sources */,
				842FE8BF1C06E247005B27D5 /* FLOAccountManager.m in Sources */,
				84DD6E841C05AB06005C1AE2 /* FLOLeftMenuVC.m in Sources */,
				841FD21D1C1E9E40003D4F81 /* FLODataBaseEngin.m in Sources */,
				849265F61C27A95F00261F36 /* FLOTouchIDViewController.m in Sources */,
				84291A111C05867A0015F5F1 /* AppDelegate.m in Sources */,
				846D83661C21B9A6007CA12B /* FLOWeiboAuthorization.m in Sources */,
				84291A0E1C05867A0015F5F1 /* main.m in Sources */,
				84DA68BA1C2264DF001B9E79 /* FLOWeiboUserModel.m in Sources */,
				84DA68C01C227F93001B9E79 /* FLOWeiboStatusFoolerTableViewCell.m in Sources */,
				84F2A6A01C07F6080084156F /* FLOMessageTableViewCell.m in Sources */,
				84DD6E801C05A83B005C1AE2 /* FLOSideMenu.m in Sources */,
				8457DE5B1C27FFB900002533 /* FLOChatRecordModel.m in Sources */,
				845D32C91C1F0BF200831C70 /* FLOSettingTableViewController.m in Sources */,
				84812DCF1C11727A003928E6 /* FLOWebViewController.m in Sources */,
				84DA68B71C226459001B9E79 /* FLOWeiboStatusModel.m in Sources */,
			);
			runOnlyForDeploymentPostprocessing = 0;
		};
/* End PBXSourcesBuildPhase section */

/* Begin PBXVariantGroup section */
		84291A151C05867A0015F5F1 /* Main.storyboard */ = {
			isa = PBXVariantGroup;
			children = (
				84291A161C05867A0015F5F1 /* Base */,
			);
			name = Main.storyboard;
			sourceTree = "<group>";
		};
		84291A1A1C05867A0015F5F1 /* LaunchScreen.storyboard */ = {
			isa = PBXVariantGroup;
			children = (
				84291A1B1C05867A0015F5F1 /* Base */,
			);
			name = LaunchScreen.storyboard;
			sourceTree = "<group>";
		};
/* End PBXVariantGroup section */

/* Begin XCBuildConfiguration section */
		84291A1E1C05867A0015F5F1 /* Debug */ = {
			isa = XCBuildConfiguration;
			buildSettings = {
				ALWAYS_SEARCH_USER_PATHS = NO;
				CLANG_CXX_LANGUAGE_STANDARD = "gnu++0x";
				CLANG_CXX_LIBRARY = "libc++";
				CLANG_ENABLE_MODULES = YES;
				CLANG_ENABLE_OBJC_ARC = YES;
				CLANG_WARN_BOOL_CONVERSION = YES;
				CLANG_WARN_CONSTANT_CONVERSION = YES;
				CLANG_WARN_DIRECT_OBJC_ISA_USAGE = YES_ERROR;
				CLANG_WARN_EMPTY_BODY = YES;
				CLANG_WARN_ENUM_CONVERSION = YES;
				CLANG_WARN_INT_CONVERSION = YES;
				CLANG_WARN_OBJC_ROOT_CLASS = YES_ERROR;
				CLANG_WARN_UNREACHABLE_CODE = YES;
				CLANG_WARN__DUPLICATE_METHOD_MATCH = YES;
				"CODE_SIGN_IDENTITY[sdk=iphoneos*]" = "iPhone Developer";
				COPY_PHASE_STRIP = NO;
				DEBUG_INFORMATION_FORMAT = dwarf;
				ENABLE_STRICT_OBJC_MSGSEND = YES;
				ENABLE_TESTABILITY = YES;
				GCC_C_LANGUAGE_STANDARD = gnu99;
				GCC_DYNAMIC_NO_PIC = NO;
				GCC_NO_COMMON_BLOCKS = YES;
				GCC_OPTIMIZATION_LEVEL = 0;
				GCC_PREPROCESSOR_DEFINITIONS = (
					"DEBUG=1",
					"$(inherited)",
				);
				GCC_WARN_64_TO_32_BIT_CONVERSION = YES;
				GCC_WARN_ABOUT_RETURN_TYPE = YES_ERROR;
				GCC_WARN_UNDECLARED_SELECTOR = YES;
				GCC_WARN_UNINITIALIZED_AUTOS = YES_AGGRESSIVE;
				GCC_WARN_UNUSED_FUNCTION = YES;
				GCC_WARN_UNUSED_VARIABLE = YES;
				IPHONEOS_DEPLOYMENT_TARGET = 9.1;
				MTL_ENABLE_DEBUG_INFO = YES;
				ONLY_ACTIVE_ARCH = YES;
				SDKROOT = iphoneos;
			};
			name = Debug;
		};
		84291A1F1C05867A0015F5F1 /* Release */ = {
			isa = XCBuildConfiguration;
			buildSettings = {
				ALWAYS_SEARCH_USER_PATHS = NO;
				CLANG_CXX_LANGUAGE_STANDARD = "gnu++0x";
				CLANG_CXX_LIBRARY = "libc++";
				CLANG_ENABLE_MODULES = YES;
				CLANG_ENABLE_OBJC_ARC = YES;
				CLANG_WARN_BOOL_CONVERSION = YES;
				CLANG_WARN_CONSTANT_CONVERSION = YES;
				CLANG_WARN_DIRECT_OBJC_ISA_USAGE = YES_ERROR;
				CLANG_WARN_EMPTY_BODY = YES;
				CLANG_WARN_ENUM_CONVERSION = YES;
				CLANG_WARN_INT_CONVERSION = YES;
				CLANG_WARN_OBJC_ROOT_CLASS = YES_ERROR;
				CLANG_WARN_UNREACHABLE_CODE = YES;
				CLANG_WARN__DUPLICATE_METHOD_MATCH = YES;
				"CODE_SIGN_IDENTITY[sdk=iphoneos*]" = "iPhone Developer";
				COPY_PHASE_STRIP = NO;
				DEBUG_INFORMATION_FORMAT = "dwarf-with-dsym";
				ENABLE_NS_ASSERTIONS = NO;
				ENABLE_STRICT_OBJC_MSGSEND = YES;
				GCC_C_LANGUAGE_STANDARD = gnu99;
				GCC_NO_COMMON_BLOCKS = YES;
				GCC_WARN_64_TO_32_BIT_CONVERSION = YES;
				GCC_WARN_ABOUT_RETURN_TYPE = YES_ERROR;
				GCC_WARN_UNDECLARED_SELECTOR = YES;
				GCC_WARN_UNINITIALIZED_AUTOS = YES_AGGRESSIVE;
				GCC_WARN_UNUSED_FUNCTION = YES;
				GCC_WARN_UNUSED_VARIABLE = YES;
				IPHONEOS_DEPLOYMENT_TARGET = 9.1;
				MTL_ENABLE_DEBUG_INFO = NO;
				SDKROOT = iphoneos;
				VALIDATE_PRODUCT = YES;
			};
			name = Release;
		};
		84291A211C05867A0015F5F1 /* Debug */ = {
			isa = XCBuildConfiguration;
			baseConfigurationReference = D58965F0A18C6EE0430FC5C9 /* Pods-XMPPChat.debug.xcconfig */;
			buildSettings = {
				ASSETCATALOG_COMPILER_APPICON_NAME = AppIcon;
				CODE_SIGN_IDENTITY = "iPhone Developer";
				FRAMEWORK_SEARCH_PATHS = (
					"$(inherited)",
					"$(PROJECT_DIR)/XMPPChat/模块/百度地图/BaiduMap_IOSSDK_v2.9.1_Lib",
				);
				INFOPLIST_FILE = XMPPChat/Info.plist;
				IPHONEOS_DEPLOYMENT_TARGET = 8.0;
				LD_RUNPATH_SEARCH_PATHS = "$(inherited) @executable_path/Frameworks";
				PRODUCT_BUNDLE_IDENTIFIER = com.flolangka.FloAPP;
				PRODUCT_NAME = FloAPP;
			};
			name = Debug;
		};
		84291A221C05867A0015F5F1 /* Release */ = {
			isa = XCBuildConfiguration;
			baseConfigurationReference = 6EAB8E06A782426E86BFF338 /* Pods-XMPPChat.release.xcconfig */;
			buildSettings = {
				ASSETCATALOG_COMPILER_APPICON_NAME = AppIcon;
				CODE_SIGN_IDENTITY = "iPhone Developer";
				FRAMEWORK_SEARCH_PATHS = (
					"$(inherited)",
					"$(PROJECT_DIR)/XMPPChat/模块/百度地图/BaiduMap_IOSSDK_v2.9.1_Lib",
				);
				INFOPLIST_FILE = XMPPChat/Info.plist;
				IPHONEOS_DEPLOYMENT_TARGET = 8.0;
				LD_RUNPATH_SEARCH_PATHS = "$(inherited) @executable_path/Frameworks";
				PRODUCT_BUNDLE_IDENTIFIER = com.flolangka.FloAPP;
				PRODUCT_NAME = FloAPP;
			};
			name = Release;
		};
/* End XCBuildConfiguration section */

/* Begin XCConfigurationList section */
		84291A041C05867A0015F5F1 /* Build configuration list for PBXProject "XMPPChat" */ = {
			isa = XCConfigurationList;
			buildConfigurations = (
				84291A1E1C05867A0015F5F1 /* Debug */,
				84291A1F1C05867A0015F5F1 /* Release */,
			);
			defaultConfigurationIsVisible = 0;
			defaultConfigurationName = Release;
		};
		84291A201C05867A0015F5F1 /* Build configuration list for PBXNativeTarget "XMPPChat" */ = {
			isa = XCConfigurationList;
			buildConfigurations = (
				84291A211C05867A0015F5F1 /* Debug */,
				84291A221C05867A0015F5F1 /* Release */,
			);
			defaultConfigurationIsVisible = 0;
			defaultConfigurationName = Release;
		};
/* End XCConfigurationList section */
	};
	rootObject = 84291A011C05867A0015F5F1 /* Project object */;
}
