PODS:
  - AFNetworking (3.1.0):
    - AFNetworking/NSURLSession (= 3.1.0)
    - AFNetworking/Reachability (= 3.1.0)
    - AFNetworking/Security (= 3.1.0)
    - AFNetworking/Serialization (= 3.1.0)
    - AFNetworking/UIKit (= 3.1.0)
  - AFNetworking/NSURLSession (3.1.0):
    - AFNetworking/Reachability
    - AFNetworking/Security
    - AFNetworking/Serialization
  - AFNetworking/Reachability (3.1.0)
  - AFNetworking/Security (3.1.0)
  - AFNetworking/Serialization (3.1.0)
  - AFNetworking/UIKit (3.1.0):
    - AFNetworking/NSURLSession
  - BaiduMapKit (3.2.1)
  - FLEX (2.4.0)
  - FMDB (2.6.2):
    - FMDB/standard (= 2.6.2)
  - FMDB/standard (2.6.2)
  - Masonry (1.0.2)
  - MBProgressHUD (1.0.0)
  - MJRefresh (3.1.12)
  - MQTTClient (0.8.7):
    - MQTTClient/Core (= 0.8.7)
  - MQTTClient/Core (0.8.7):
    - MQTTClient/Manager
    - MQTTClient/Min
  - MQTTClient/Manager (0.8.7):
    - MQTTClient/Min
  - MQTTClient/Min (0.8.7)
  - React/Core (0.42.3):
    - React/cxxreact
    - Yoga (= 0.42.3.React)
  - React/cxxreact (0.42.3):
    - React/jschelpers
  - React/jschelpers (0.42.3)
  - React/RCTAnimation (0.42.3):
    - React/Core
  - React/RCTCameraRoll (0.42.3):
    - React/Core
    - React/RCTImage
  - React/RCTGeolocation (0.42.3):
    - React/Core
  - React/RCTImage (0.42.3):
    - React/Core
    - React/RCTNetwork
  - React/RCTLinkingIOS (0.42.3):
    - React/Core
  - React/RCTNetwork (0.42.3):
    - React/Core
  - React/RCTSettings (0.42.3):
    - React/Core
  - React/RCTTest (0.42.3):
    - React/Core
  - React/RCTText (0.42.3):
    - React/Core
  - React/RCTWebSocket (0.42.3):
    - React/Core
  - RESideMenu (4.0.7)
  - SDWebImage (4.0.0):
    - SDWebImage/Core (= 4.0.0)
  - SDWebImage/Core (4.0.0)
  - Yoga (0.42.3.React)
  - YYKit (1.0.9):
    - YYKit/no-arc (= 1.0.9)
  - YYKit/no-arc (1.0.9)

DEPENDENCIES:
  - AFNetworking
  - BaiduMapKit
  - FLEX
  - FMDB
  - Masonry
  - MBProgressHUD
  - MJRefresh
  - MQTTClient
  - React/Core (from `../node_modules/react-native`)
  - React/RCTAnimation (from `../node_modules/react-native`)
  - React/RCTCameraRoll (from `../node_modules/react-native`)
  - React/RCTGeolocation (from `../node_modules/react-native`)
  - React/RCTImage (from `../node_modules/react-native`)
  - React/RCTLinkingIOS (from `../node_modules/react-native`)
  - React/RCTNetwork (from `../node_modules/react-native`)
  - React/RCTSettings (from `../node_modules/react-native`)
  - React/RCTTest (from `../node_modules/react-native`)
  - React/RCTText (from `../node_modules/react-native`)
  - React/RCTWebSocket (from `../node_modules/react-native`)
  - RESideMenu
  - SDWebImage
  - Yoga (from `../node_modules/react-native/ReactCommon/yoga`)
  - YYKit

EXTERNAL SOURCES:
  React:
    :path: ../node_modules/react-native
  Yoga:
    :path: ../node_modules/react-native/ReactCommon/yoga

SPEC CHECKSUMS:
  AFNetworking: 5e0e199f73d8626b11e79750991f5d173d1f8b67
  BaiduMapKit: 9c748785aa3dddfc41dcb70c14b21ce32f680930
  FLEX: bd1a39e55b56bb413b6f1b34b3c10a0dc44ef079
  FMDB: 854a0341b4726e53276f2a8996f06f1b80f9259a
  Masonry: 7c429b56da9d4ee0bbb3ed77a5ea710d6a5df39e
  MBProgressHUD: 4890f671c94e8a0f3cf959aa731e9de2f036d71a
  MJRefresh: b96cdb21c4aa75a7b07654311ab2f315c497e806
  MQTTClient: 2842bdeab5a65eec75e0fcbbbd2a300946690fee
  React: 35e039680feacd0563677d49ba410112d2748559
  RESideMenu: f24c508404b49c667344c54aba7e590883533958
  SDWebImage: 76a6348bdc74eb5a55dd08a091ef298e56b55e41
  Yoga: 86ce777665c8259b94ef8dbea76b84634237f4ea
  YYKit: 7cda43304a8dc3696c449041e2cb3107b4e236e7

PODFILE CHECKSUM: 73e0eea155fe3cf7e4d02cf8fcaf26be134856f6

COCOAPODS: 1.2.0
